// !$*UTF8*$!
{
	archiveVersion = 1;
	classes = {
	};
	objectVersion = 56;
	objects = {

/* Begin PBXBuildFile section */
		5D3AFCB12C4C1A3A0010851D /* JokesAppSwiftUIApp.swift in Sources */ = {isa = PBXBuildFile; fileRef = 5D3AFCB02C4C1A3A0010851D /* JokesAppSwiftUIApp.swift */; };
		5D3AFCB32C4C1A3A0010851D /* ContentView.swift in Sources */ = {isa = PBXBuildFile; fileRef = 5D3AFCB22C4C1A3A0010851D /* ContentView.swift */; };
		5D3AFCB52C4C1A3D0010851D /* Assets.xcassets in Resources */ = {isa = PBXBuildFile; fileRef = 5D3AFCB42C4C1A3D0010851D /* Assets.xcassets */; };
		5D3AFCB82C4C1A3D0010851D /* Preview Assets.xcassets in Resources */ = {isa = PBXBuildFile; fileRef = 5D3AFCB72C4C1A3D0010851D /* Preview Assets.xcassets */; };
		5D3AFCBF2C4C1E470010851D /* JokesData.swift in Sources */ = {isa = PBXBuildFile; fileRef = 5D3AFCBE2C4C1E470010851D /* JokesData.swift */; };
		5D3AFCC12C4C1F2F0010851D /* JokesViewModel.swift in Sources */ = {isa = PBXBuildFile; fileRef = 5D3AFCC02C4C1F2F0010851D /* JokesViewModel.swift */; };
		5D3AFCC42C4C20950010851D /* Alamofire in Frameworks */ = {isa = PBXBuildFile; productRef = 5D3AFCC32C4C20950010851D /* Alamofire */; };
		5D3AFCC62C4C20950010851D /* AlamofireDynamic in Frameworks */ = {isa = PBXBuildFile; productRef = 5D3AFCC52C4C20950010851D /* AlamofireDynamic */; };
/* End PBXBuildFile section */

/* Begin PBXFileReference section */
		5D3AFCAD2C4C1A3A0010851D /* JokesAppSwiftUI.app */ = {isa = PBXFileReference; explicitFileType = wrapper.application; includeInIndex = 0; path = JokesAppSwiftUI.app; sourceTree = BUILT_PRODUCTS_DIR; };
		5D3AFCB02C4C1A3A0010851D /* JokesAppSwiftUIApp.swift */ = {isa = PBXFileReference; lastKnownFileType = sourcecode.swift; path = JokesAppSwiftUIApp.swift; sourceTree = "<group>"; };
		5D3AFCB22C4C1A3A0010851D /* ContentView.swift */ = {isa = PBXFileReference; lastKnownFileType = sourcecode.swift; path = ContentView.swift; sourceTree = "<group>"; };
		5D3AFCB42C4C1A3D0010851D /* Assets.xcassets */ = {isa = PBXFileReference; lastKnownFileType = folder.assetcatalog; path = Assets.xcassets; sourceTree = "<group>"; };
		5D3AFCB72C4C1A3D0010851D /* Preview Assets.xcassets */ = {isa = PBXFileReference; lastKnownFileType = folder.assetcatalog; path = "Preview Assets.xcassets"; sourceTree = "<group>"; };
		5D3AFCBE2C4C1E470010851D /* JokesData.swift */ = {isa = PBXFileReference; lastKnownFileType = sourcecode.swift; path = JokesData.swift; sourceTree = "<group>"; };
		5D3AFCC02C4C1F2F0010851D /* JokesViewModel.swift */ = {isa = PBXFileReference; lastKnownFileType = sourcecode.swift; path = JokesViewModel.swift; sourceTree = "<group>"; };
/* End PBXFileReference section */

/* Begin PBXFrameworksBuildPhase section */
		5D3AFCAA2C4C1A3A0010851D /* Frameworks */ = {
			isa = PBXFrameworksBuildPhase;
			buildActionMask = 2147483647;
			files = (
				5D3AFCC42C4C20950010851D /* Alamofire in Frameworks */,
				5D3AFCC62C4C20950010851D /* AlamofireDynamic in Frameworks */,
			);
			runOnlyForDeploymentPostprocessing = 0;
		};
/* End PBXFrameworksBuildPhase section */

/* Begin PBXGroup section */
		5D3AFCA42C4C1A3A0010851D = {
			isa = PBXGroup;
			children = (
				5D3AFCAF2C4C1A3A0010851D /* JokesAppSwiftUI */,
				5D3AFCAE2C4C1A3A0010851D /* Products */,
			);
			sourceTree = "<group>";
		};
		5D3AFCAE2C4C1A3A0010851D /* Products */ = {
			isa = PBXGroup;
			children = (
				5D3AFCAD2C4C1A3A0010851D /* JokesAppSwiftUI.app */,
			);
			name = Products;
			sourceTree = "<group>";
		};
		5D3AFCAF2C4C1A3A0010851D /* JokesAppSwiftUI */ = {
			isa = PBXGroup;
			children = (
				5D3AFCB02C4C1A3A0010851D /* JokesAppSwiftUIApp.swift */,
				5D3AFCB22C4C1A3A0010851D /* ContentView.swift */,
				5D3AFCBE2C4C1E470010851D /* JokesData.swift */,
				5D3AFCC02C4C1F2F0010851D /* JokesViewModel.swift */,
				5D3AFCB42C4C1A3D0010851D /* Assets.xcassets */,
				5D3AFCB62C4C1A3D0010851D /* Preview Content */,
			);
			path = JokesAppSwiftUI;
			sourceTree = "<group>";
		};
		5D3AFCB62C4C1A3D0010851D /* Preview Content */ = {
			isa = PBXGroup;
			children = (
				5D3AFCB72C4C1A3D0010851D /* Preview Assets.xcassets */,
			);
			path = "Preview Content";
			sourceTree = "<group>";
		};
/* End PBXGroup section */

/* Begin PBXNativeTarget section */
		5D3AFCAC2C4C1A3A0010851D /* JokesAppSwiftUI */ = {
			isa = PBXNativeTarget;
			buildConfigurationList = 5D3AFCBB2C4C1A3D0010851D /* Build configuration list for PBXNativeTarget "JokesAppSwiftUI" */;
			buildPhases = (
				5D3AFCA92C4C1A3A0010851D /* Sources */,
				5D3AFCAA2C4C1A3A0010851D /* Frameworks */,
				5D3AFCAB2C4C1A3A0010851D /* Resources */,
			);
			buildRules = (
			);
			dependencies = (
			);
			name = JokesAppSwiftUI;
			packageProductDependencies = (
				5D3AFCC32C4C20950010851D /* Alamofire */,
				5D3AFCC52C4C20950010851D /* AlamofireDynamic */,
			);
			productName = JokesAppSwiftUI;
			productReference = 5D3AFCAD2C4C1A3A0010851D /* JokesAppSwiftUI.app */;
			productType = "com.apple.product-type.application";
		};
/* End PBXNativeTarget section */

/* Begin PBXProject section */
		5D3AFCA52C4C1A3A0010851D /* Project object */ = {
			isa = PBXProject;
			attributes = {
				BuildIndependentTargetsInParallel = 1;
				LastSwiftUpdateCheck = 1520;
				LastUpgradeCheck = 1520;
				TargetAttributes = {
					5D3AFCAC2C4C1A3A0010851D = {
						CreatedOnToolsVersion = 15.2;
					};
				};
			};
			buildConfigurationList = 5D3AFCA82C4C1A3A0010851D /* Build configuration list for PBXProject "JokesAppSwiftUI" */;
			compatibilityVersion = "Xcode 14.0";
			developmentRegion = en;
			hasScannedForEncodings = 0;
			knownRegions = (
				en,
				Base,
			);
			mainGroup = 5D3AFCA42C4C1A3A0010851D;
			packageReferences = (
				5D3AFCC22C4C20950010851D /* XCRemoteSwiftPackageReference "Alamofire" */,
			);
			productRefGroup = 5D3AFCAE2C4C1A3A0010851D /* Products */;
			projectDirPath = "";
			projectRoot = "";
			targets = (
				5D3AFCAC2C4C1A3A0010851D /* JokesAppSwiftUI */,
			);
		};
/* End PBXProject section */

/* Begin PBXResourcesBuildPhase section */
		5D3AFCAB2C4C1A3A0010851D /* Resources */ = {
			isa = PBXResourcesBuildPhase;
			buildActionMask = 2147483647;
			files = (
				5D3AFCB82C4C1A3D0010851D /* Preview Assets.xcassets in Resources */,
				5D3AFCB52C4C1A3D0010851D /* Assets.xcassets in Resources */,
			);
			runOnlyForDeploymentPostprocessing = 0;
		};
/* End PBXResourcesBuildPhase section */

/* Begin PBXSourcesBuildPhase section */
		5D3AFCA92C4C1A3A0010851D /* Sources */ = {
			isa = PBXSourcesBuildPhase;
			buildActionMask = 2147483647;
			files = (
				5D3AFCB32C4C1A3A0010851D /* ContentView.swift in Sources */,
				5D3AFCB12C4C1A3A0010851D /* JokesAppSwiftUIApp.swift in Sources */,
				5D3AFCBF2C4C1E470010851D /* JokesData.swift in Sources */,
				5D3AFCC12C4C1F2F0010851D /* JokesViewModel.swift in Sources */,
			);
			runOnlyForDeploymentPostprocessing = 0;
		};
/* End PBXSourcesBuildPhase section */

/* Begin XCBuildConfiguration section */
		5D3AFCB92C4C1A3D0010851D /* Debug */ = {
			isa = XCBuildConfiguration;
			buildSettings = {
				ALWAYS_SEARCH_USER_PATHS = NO;
				ASSETCATALOG_COMPILER_GENERATE_SWIFT_ASSET_SYMBOL_EXTENSIONS = YES;
				CLANG_ANALYZER_NONNULL = YES;
				CLANG_ANALYZER_NUMBER_OBJECT_CONVERSION = YES_AGGRESSIVE;
				CLANG_CXX_LANGUAGE_STANDARD = "gnu++20";
				CLANG_ENABLE_MODULES = YES;
				CLANG_ENABLE_OBJC_ARC = YES;
				CLANG_ENABLE_OBJC_WEAK = YES;
				CLANG_WARN_BLOCK_CAPTURE_AUTORELEASING = YES;
				CLANG_WARN_BOOL_CONVERSION = YES;
				CLANG_WARN_COMMA = YES;
				CLANG_WARN_CONSTANT_CONVERSION = YES;
				CLANG_WARN_DEPRECATED_OBJC_IMPLEMENTATIONS = YES;
				CLANG_WARN_DIRECT_OBJC_ISA_USAGE = YES_ERROR;
				CLANG_WARN_DOCUMENTATION_COMMENTS = YES;
				CLANG_WARN_EMPTY_BODY = YES;
				CLANG_WARN_ENUM_CONVERSION = YES;
				CLANG_WARN_INFINITE_RECURSION = YES;
				CLANG_WARN_INT_CONVERSION = YES;
				CLANG_WARN_NON_LITERAL_NULL_CONVERSION = YES;
				CLANG_WARN_OBJC_IMPLICIT_RETAIN_SELF = YES;
				CLANG_WARN_OBJC_LITERAL_CONVERSION = YES;
				CLANG_WARN_OBJC_ROOT_CLASS = YES_ERROR;
				CLANG_WARN_QUOTED_INCLUDE_IN_FRAMEWORK_HEADER = YES;
				CLANG_WARN_RANGE_LOOP_ANALYSIS = YES;
				CLANG_WARN_STRICT_PROTOTYPES = YES;
				CLANG_WARN_SUSPICIOUS_MOVE = YES;
				CLANG_WARN_UNGUARDED_AVAILABILITY = YES_AGGRESSIVE;
				CLANG_WARN_UNREACHABLE_CODE = YES;
				CLANG_WARN__DUPLICATE_METHOD_MATCH = YES;
				COPY_PHASE_STRIP = NO;
				DEBUG_INFORMATION_FORMAT = dwarf;
				ENABLE_STRICT_OBJC_MSGSEND = YES;
				ENABLE_TESTABILITY = YES;
				ENABLE_USER_SCRIPT_SANDBOXING = YES;
				GCC_C_LANGUAGE_STANDARD = gnu17;
				GCC_DYNAMIC_NO_PIC = NO;
				GCC_NO_COMMON_BLOCKS = YES;
				GCC_OPTIMIZATION_LEVEL = 0;
				GCC_PREPROCESSOR_DEFINITIONS = (
					"DEBUG=1",
					"$(inherited)",
				);
				GCC_WARN_64_TO_32_BIT_CONVERSION = YES;
				GCC_WARN_ABOUT_RETURN_TYPE = YES_ERROR;
				GCC_WARN_UNDECLARED_SELECTOR = YES;
				GCC_WARN_UNINITIALIZED_AUTOS = YES_AGGRESSIVE;
				GCC_WARN_UNUSED_FUNCTION = YES;
				GCC_WARN_UNUSED_VARIABLE = YES;
				IPHONEOS_DEPLOYMENT_TARGET = 17.2;
				LOCALIZATION_PREFERS_STRING_CATALOGS = YES;
				MTL_ENABLE_DEBUG_INFO = INCLUDE_SOURCE;
				MTL_FAST_MATH = YES;
				ONLY_ACTIVE_ARCH = YES;
				SDKROOT = iphoneos;
				SWIFT_ACTIVE_COMPILATION_CONDITIONS = "DEBUG $(inherited)";
				SWIFT_OPTIMIZATION_LEVEL = "-Onone";
			};
			name = Debug;
		};
		5D3AFCBA2C4C1A3D0010851D /* Release */ = {
			isa = XCBuildConfiguration;
			buildSettings = {
				ALWAYS_SEARCH_USER_PATHS = NO;
				ASSETCATALOG_COMPILER_GENERATE_SWIFT_ASSET_SYMBOL_EXTENSIONS = YES;
				CLANG_ANALYZER_NONNULL = YES;
				CLANG_ANALYZER_NUMBER_OBJECT_CONVERSION = YES_AGGRESSIVE;
				CLANG_CXX_LANGUAGE_STANDARD = "gnu++20";
				CLANG_ENABLE_MODULES = YES;
				CLANG_ENABLE_OBJC_ARC = YES;
				CLANG_ENABLE_OBJC_WEAK = YES;
				CLANG_WARN_BLOCK_CAPTURE_AUTORELEASING = YES;
				CLANG_WARN_BOOL_CONVERSION = YES;
				CLANG_WARN_COMMA = YES;
				CLANG_WARN_CONSTANT_CONVERSION = YES;
				CLANG_WARN_DEPRECATED_OBJC_IMPLEMENTATIONS = YES;
				CLANG_WARN_DIRECT_OBJC_ISA_USAGE = YES_ERROR;
				CLANG_WARN_DOCUMENTATION_COMMENTS = YES;
				CLANG_WARN_EMPTY_BODY = YES;
				CLANG_WARN_ENUM_CONVERSION = YES;
				CLANG_WARN_INFINITE_RECURSION = YES;
				CLANG_WARN_INT_CONVERSION = YES;
				CLANG_WARN_NON_LITERAL_NULL_CONVERSION = YES;
				CLANG_WARN_OBJC_IMPLICIT_RETAIN_SELF = YES;
				CLANG_WARN_OBJC_LITERAL_CONVERSION = YES;
				CLANG_WARN_OBJC_ROOT_CLASS = YES_ERROR;
				CLANG_WARN_QUOTED_INCLUDE_IN_FRAMEWORK_HEADER = YES;
				CLANG_WARN_RANGE_LOOP_ANALYSIS = YES;
				CLANG_WARN_STRICT_PROTOTYPES = YES;
				CLANG_WARN_SUSPICIOUS_MOVE = YES;
				CLANG_WARN_UNGUARDED_AVAILABILITY = YES_AGGRESSIVE;
				CLANG_WARN_UNREACHABLE_CODE = YES;
				CLANG_WARN__DUPLICATE_METHOD_MATCH = YES;
				COPY_PHASE_STRIP = NO;
				DEBUG_INFORMATION_FORMAT = "dwarf-with-dsym";
				ENABLE_NS_ASSERTIONS = NO;
				ENABLE_STRICT_OBJC_MSGSEND = YES;
				ENABLE_USER_SCRIPT_SANDBOXING = YES;
				GCC_C_LANGUAGE_STANDARD = gnu17;
				GCC_NO_COMMON_BLOCKS = YES;
				GCC_WARN_64_TO_32_BIT_CONVERSION = YES;
				GCC_WARN_ABOUT_RETURN_TYPE = YES_ERROR;
				GCC_WARN_UNDECLARED_SELECTOR = YES;
				GCC_WARN_UNINITIALIZED_AUTOS = YES_AGGRESSIVE;
				GCC_WARN_UNUSED_FUNCTION = YES;
				GCC_WARN_UNUSED_VARIABLE = YES;
				IPHONEOS_DEPLOYMENT_TARGET = 17.2;
				LOCALIZATION_PREFERS_STRING_CATALOGS = YES;
				MTL_ENABLE_DEBUG_INFO = NO;
				MTL_FAST_MATH = YES;
				SDKROOT = iphoneos;
				SWIFT_COMPILATION_MODE = wholemodule;
				VALIDATE_PRODUCT = YES;
			};
			name = Release;
		};
		5D3AFCBC2C4C1A3D0010851D /* Debug */ = {
			isa = XCBuildConfiguration;
			buildSettings = {
				ASSETCATALOG_COMPILER_APPICON_NAME = AppIcon;
				ASSETCATALOG_COMPILER_GLOBAL_ACCENT_COLOR_NAME = AccentColor;
				CODE_SIGN_STYLE = Automatic;
				CURRENT_PROJECT_VERSION = 1;
				DEVELOPMENT_ASSET_PATHS = "\"JokesAppSwiftUI/Preview Content\"";
				ENABLE_PREVIEWS = YES;
				GENERATE_INFOPLIST_FILE = YES;
				INFOPLIST_KEY_UIApplicationSceneManifest_Generation = YES;
				INFOPLIST_KEY_UIApplicationSupportsIndirectInputEvents = YES;
				INFOPLIST_KEY_UILaunchScreen_Generation = YES;
				INFOPLIST_KEY_UISupportedInterfaceOrientations_iPad = "UIInterfaceOrientationPortrait UIInterfaceOrientationPortraitUpsideDown UIInterfaceOrientationLandscapeLeft UIInterfaceOrientationLandscapeRight";
				INFOPLIST_KEY_UISupportedInterfaceOrientations_iPhone = "UIInterfaceOrientationPortrait UIInterfaceOrientationLandscapeLeft UIInterfaceOrientationLandscapeRight";
				LD_RUNPATH_SEARCH_PATHS = (
					"$(inherited)",
					"@executable_path/Frameworks",
				);
				MARKETING_VERSION = 1.0;
				PRODUCT_BUNDLE_IDENTIFIER = swiftproje.JokesAppSwiftUI;
				PRODUCT_NAME = "$(TARGET_NAME)";
				SWIFT_EMIT_LOC_STRINGS = YES;
				SWIFT_VERSION = 5.0;
				TARGETED_DEVICE_FAMILY = "1,2";
			};
			name = Debug;
		};
		5D3AFCBD2C4C1A3D0010851D /* Release */ = {
			isa = XCBuildConfiguration;
			buildSettings = {
				ASSETCATALOG_COMPILER_APPICON_NAME = AppIcon;
				ASSETCATALOG_COMPILER_GLOBAL_ACCENT_COLOR_NAME = AccentColor;
				CODE_SIGN_STYLE = Automatic;
				CURRENT_PROJECT_VERSION = 1;
				DEVELOPMENT_ASSET_PATHS = "\"JokesAppSwiftUI/Preview Content\"";
				ENABLE_PREVIEWS = YES;
				GENERATE_INFOPLIST_FILE = YES;
				INFOPLIST_KEY_UIApplicationSceneManifest_Generation = YES;
				INFOPLIST_KEY_UIApplicationSupportsIndirectInputEvents = YES;
				INFOPLIST_KEY_UILaunchScreen_Generation = YES;
				INFOPLIST_KEY_UISupportedInterfaceOrientations_iPad = "UIInterfaceOrientationPortrait UIInterfaceOrientationPortraitUpsideDown UIInterfaceOrientationLandscapeLeft UIInterfaceOrientationLandscapeRight";
				INFOPLIST_KEY_UISupportedInterfaceOrientations_iPhone = "UIInterfaceOrientationPortrait UIInterfaceOrientationLandscapeLeft UIInterfaceOrientationLandscapeRight";
				LD_RUNPATH_SEARCH_PATHS = (
					"$(inherited)",
					"@executable_path/Frameworks",
				);
				MARKETING_VERSION = 1.0;
				PRODUCT_BUNDLE_IDENTIFIER = swiftproje.JokesAppSwiftUI;
				PRODUCT_NAME = "$(TARGET_NAME)";
				SWIFT_EMIT_LOC_STRINGS = YES;
				SWIFT_VERSION = 5.0;
				TARGETED_DEVICE_FAMILY = "1,2";
			};
			name = Release;
		};
/* End XCBuildConfiguration section */

/* Begin XCConfigurationList section */
		5D3AFCA82C4C1A3A0010851D /* Build configuration list for PBXProject "JokesAppSwiftUI" */ = {
			isa = XCConfigurationList;
			buildConfigurations = (
				5D3AFCB92C4C1A3D0010851D /* Debug */,
				5D3AFCBA2C4C1A3D0010851D /* Release */,
			);
			defaultConfigurationIsVisible = 0;
			defaultConfigurationName = Release;
		};
		5D3AFCBB2C4C1A3D0010851D /* Build configuration list for PBXNativeTarget "JokesAppSwiftUI" */ = {
			isa = XCConfigurationList;
			buildConfigurations = (
				5D3AFCBC2C4C1A3D0010851D /* Debug */,
				5D3AFCBD2C4C1A3D0010851D /* Release */,
			);
			defaultConfigurationIsVisible = 0;
			defaultConfigurationName = Release;
		};
/* End XCConfigurationList section */

/* Begin XCRemoteSwiftPackageReference section */
		5D3AFCC22C4C20950010851D /* XCRemoteSwiftPackageReference "Alamofire" */ = {
			isa = XCRemoteSwiftPackageReference;
			repositoryURL = "https://github.com/Alamofire/Alamofire.git";
			requirement = {
				kind = upToNextMajorVersion;
				minimumVersion = 5.9.1;
			};
		};
/* End XCRemoteSwiftPackageReference section */

/* Begin XCSwiftPackageProductDependency section */
		5D3AFCC32C4C20950010851D /* Alamofire */ = {
			isa = XCSwiftPackageProductDependency;
			package = 5D3AFCC22C4C20950010851D /* XCRemoteSwiftPackageReference "Alamofire" */;
			productName = Alamofire;
		};
		5D3AFCC52C4C20950010851D /* AlamofireDynamic */ = {
			isa = XCSwiftPackageProductDependency;
			package = 5D3AFCC22C4C20950010851D /* XCRemoteSwiftPackageReference "Alamofire" */;
			productName = AlamofireDynamic;
		};
/* End XCSwiftPackageProductDependency section */
	};
	rootObject = 5D3AFCA52C4C1A3A0010851D /* Project object */;
}
